
Microsoft Visual Studio Solution File, Format Version 12.00
# Visual Studio Version 17
VisualStudioVersion = 17.2.32526.322
MinimumVisualStudioVersion = 10.0.40219.1
Project("{FAE04EC0-301F-11D3-BF4B-00C04F79EFBC}") = "SoulMate.API", "SoulMate.API\SoulMate.API.csproj", "{5D04A1F2-D891-4F9D-804B-F8DBCB1C8145}"
EndProject
Global
	GlobalSection(SolutionConfigurationPlatforms) = preSolution
		Debug|Any CPU = Debug|Any CPU
		Release|Any CPU = Release|Any CPU
	EndGlobalSection
	GlobalSection(ProjectConfigurationPlatforms) = postSolution
		{5D04A1F2-D891-4F9D-804B-F8DBCB1C8145}.Debug|Any CPU.ActiveCfg = Debug|Any CPU
		{5D04A1F2-D891-4F9D-804B-F8DBCB1C8145}.Debug|Any CPU.Build.0 = Debug|Any CPU
		{5D04A1F2-D891-4F9D-804B-F8DBCB1C8145}.Release|Any CPU.ActiveCfg = Release|Any CPU
		{5D04A1F2-D891-4F9D-804B-F8DBCB1C8145}.Release|Any CPU.Build.0 = Release|Any CPU
	EndGlobalSection
	GlobalSection(SolutionProperties) = preSolution
		HideSolutionNode = FALSE
	EndGlobalSection
	GlobalSection(ExtensibilityGlobals) = postSolution
		SolutionGuid = {E9E31C74-8CDD-448D-8DFE-51F73E4C626B}
	EndGlobalSection
EndGlobal
